
Microsoft Visual Studio Solution File, Format Version 12.00
# Visual Studio Version 16
VisualStudioVersion = 16.0.30114.105
MinimumVisualStudioVersion = 10.0.40219.1
Project("{2150E333-8FDC-42A3-9474-1A3956D46DE8}") = "src", "src", "{0043FBD1-9D83-40B9-94A6-01254133D693}"
EndProject
Project("{FAE04EC0-301F-11D3-BF4B-00C04F79EFBC}") = "Razor2Liquid", "src\Razor2Liquid\Razor2Liquid.csproj", "{253E80F8-C64B-4DF9-AEDD-9A3092935DE0}"
EndProject
Project("{2150E333-8FDC-42A3-9474-1A3956D46DE8}") = "tests", "tests", "{492B1DF7-3B13-4095-9612-CA9754AC5369}"
EndProject
Project("{FAE04EC0-301F-11D3-BF4B-00C04F79EFBC}") = "RazorLiquid.Tests", "tests\RazorLiquid.Tests\RazorLiquid.Tests.csproj", "{3E7EA293-7C84-41D6-B3C2-DEADED66BFC9}"
EndProject
Global
	GlobalSection(SolutionConfigurationPlatforms) = preSolution
		Debug|Any CPU = Debug|Any CPU
		Debug|x64 = Debug|x64
		Debug|x86 = Debug|x86
		Release|Any CPU = Release|Any CPU
		Release|x64 = Release|x64
		Release|x86 = Release|x86
	EndGlobalSection
	GlobalSection(SolutionProperties) = preSolution
		HideSolutionNode = FALSE
	EndGlobalSection
	GlobalSection(ProjectConfigurationPlatforms) = postSolution
		{253E80F8-C64B-4DF9-AEDD-9A3092935DE0}.Debug|Any CPU.ActiveCfg = Debug|Any CPU
		{253E80F8-C64B-4DF9-AEDD-9A3092935DE0}.Debug|Any CPU.Build.0 = Debug|Any CPU
		{253E80F8-C64B-4DF9-AEDD-9A3092935DE0}.Debug|x64.ActiveCfg = Debug|Any CPU
		{253E80F8-C64B-4DF9-AEDD-9A3092935DE0}.Debug|x64.Build.0 = Debug|Any CPU
		{253E80F8-C64B-4DF9-AEDD-9A3092935DE0}.Debug|x86.ActiveCfg = Debug|Any CPU
		{253E80F8-C64B-4DF9-AEDD-9A3092935DE0}.Debug|x86.Build.0 = Debug|Any CPU
		{253E80F8-C64B-4DF9-AEDD-9A3092935DE0}.Release|Any CPU.ActiveCfg = Release|Any CPU
		{253E80F8-C64B-4DF9-AEDD-9A3092935DE0}.Release|Any CPU.Build.0 = Release|Any CPU
		{253E80F8-C64B-4DF9-AEDD-9A3092935DE0}.Release|x64.ActiveCfg = Release|Any CPU
		{253E80F8-C64B-4DF9-AEDD-9A3092935DE0}.Release|x64.Build.0 = Release|Any CPU
		{253E80F8-C64B-4DF9-AEDD-9A3092935DE0}.Release|x86.ActiveCfg = Release|Any CPU
		{253E80F8-C64B-4DF9-AEDD-9A3092935DE0}.Release|x86.Build.0 = Release|Any CPU
		{3E7EA293-7C84-41D6-B3C2-DEADED66BFC9}.Debug|Any CPU.ActiveCfg = Debug|Any CPU
		{3E7EA293-7C84-41D6-B3C2-DEADED66BFC9}.Debug|Any CPU.Build.0 = Debug|Any CPU
		{3E7EA293-7C84-41D6-B3C2-DEADED66BFC9}.Debug|x64.ActiveCfg = Debug|Any CPU
		{3E7EA293-7C84-41D6-B3C2-DEADED66BFC9}.Debug|x64.Build.0 = Debug|Any CPU
		{3E7EA293-7C84-41D6-B3C2-DEADED66BFC9}.Debug|x86.ActiveCfg = Debug|Any CPU
		{3E7EA293-7C84-41D6-B3C2-DEADED66BFC9}.Debug|x86.Build.0 = Debug|Any CPU
		{3E7EA293-7C84-41D6-B3C2-DEADED66BFC9}.Release|Any CPU.ActiveCfg = Release|Any CPU
		{3E7EA293-7C84-41D6-B3C2-DEADED66BFC9}.Release|Any CPU.Build.0 = Release|Any CPU
		{3E7EA293-7C84-41D6-B3C2-DEADED66BFC9}.Release|x64.ActiveCfg = Release|Any CPU
		{3E7EA293-7C84-41D6-B3C2-DEADED66BFC9}.Release|x64.Build.0 = Release|Any CPU
		{3E7EA293-7C84-41D6-B3C2-DEADED66BFC9}.Release|x86.ActiveCfg = Release|Any CPU
		{3E7EA293-7C84-41D6-B3C2-DEADED66BFC9}.Release|x86.Build.0 = Release|Any CPU
	EndGlobalSection
	GlobalSection(NestedProjects) = preSolution
		{253E80F8-C64B-4DF9-AEDD-9A3092935DE0} = {0043FBD1-9D83-40B9-94A6-01254133D693}
		{3E7EA293-7C84-41D6-B3C2-DEADED66BFC9} = {492B1DF7-3B13-4095-9612-CA9754AC5369}
	EndGlobalSection
EndGlobal
